// !$*UTF8*$!
{
	archiveVersion = 1;
	classes = {
	};
	objectVersion = 55;
	objects = {

/* Begin PBXBuildFile section */
		48176C832872F61D00395EAE /* AppDelegate.m in Sources */ = {isa = PBXBuildFile; fileRef = 48176C822872F61D00395EAE /* AppDelegate.m */; };
		48176C862872F61D00395EAE /* SceneDelegate.m in Sources */ = {isa = PBXBuildFile; fileRef = 48176C852872F61D00395EAE /* SceneDelegate.m */; };
		48176C892872F61D00395EAE /* ViewController.m in Sources */ = {isa = PBXBuildFile; fileRef = 48176C882872F61D00395EAE /* ViewController.m */; };
		48176C8C2872F61D00395EAE /* Main.storyboard in Resources */ = {isa = PBXBuildFile; fileRef = 48176C8A2872F61D00395EAE /* Main.storyboard */; };
		48176C8E2872F61E00395EAE /* Assets.xcassets in Resources */ = {isa = PBXBuildFile; fileRef = 48176C8D2872F61E00395EAE /* Assets.xcassets */; };
		48176C912872F61E00395EAE /* LaunchScreen.storyboard in Resources */ = {isa = PBXBuildFile; fileRef = 48176C8F2872F61E00395EAE /* LaunchScreen.storyboard */; };
		48176C942872F61E00395EAE /* main.m in Sources */ = {isa = PBXBuildFile; fileRef = 48176C932872F61E00395EAE /* main.m */; };
		B202BE54EF1A345CD187A44C /* Pods_CallLib.framework in Frameworks */ = {isa = PBXBuildFile; fileRef = C4BBADB0309AA46A164002EE /* Pods_CallLib.framework */; };
/* End PBXBuildFile section */

/* Begin PBXFileReference section */
		41473F2068A07C2963932242 /* Pods-CallLib.debug.xcconfig */ = {isa = PBXFileReference; includeInIndex = 1; lastKnownFileType = text.xcconfig; name = "Pods-CallLib.debug.xcconfig"; path = "Target Support Files/Pods-CallLib/Pods-CallLib.debug.xcconfig"; sourceTree = "<group>"; };
		48176C7E2872F61D00395EAE /* CallLib.app */ = {isa = PBXFileReference; explicitFileType = wrapper.application; includeInIndex = 0; path = CallLib.app; sourceTree = BUILT_PRODUCTS_DIR; };
		48176C812872F61D00395EAE /* AppDelegate.h */ = {isa = PBXFileReference; lastKnownFileType = sourcecode.c.h; path = AppDelegate.h; sourceTree = "<group>"; };
		48176C822872F61D00395EAE /* AppDelegate.m */ = {isa = PBXFileReference; lastKnownFileType = sourcecode.c.objc; path = AppDelegate.m; sourceTree = "<group>"; };
		48176C842872F61D00395EAE /* SceneDelegate.h */ = {isa = PBXFileReference; lastKnownFileType = sourcecode.c.h; path = SceneDelegate.h; sourceTree = "<group>"; };
		48176C852872F61D00395EAE /* SceneDelegate.m */ = {isa = PBXFileReference; lastKnownFileType = sourcecode.c.objc; path = SceneDelegate.m; sourceTree = "<group>"; };
		48176C872872F61D00395EAE /* ViewController.h */ = {isa = PBXFileReference; lastKnownFileType = sourcecode.c.h; path = ViewController.h; sourceTree = "<group>"; };
		48176C882872F61D00395EAE /* ViewController.m */ = {isa = PBXFileReference; lastKnownFileType = sourcecode.c.objc; path = ViewController.m; sourceTree = "<group>"; };
		48176C8B2872F61D00395EAE /* Base */ = {isa = PBXFileReference; lastKnownFileType = file.storyboard; name = Base; path = Base.lproj/Main.storyboard; sourceTree = "<group>"; };
		48176C8D2872F61E00395EAE /* Assets.xcassets */ = {isa = PBXFileReference; lastKnownFileType = folder.assetcatalog; path = Assets.xcassets; sourceTree = "<group>"; };
		48176C902872F61E00395EAE /* Base */ = {isa = PBXFileReference; lastKnownFileType = file.storyboard; name = Base; path = Base.lproj/LaunchScreen.storyboard; sourceTree = "<group>"; };
		48176C922872F61E00395EAE /* Info.plist */ = {isa = PBXFileReference; lastKnownFileType = text.plist.xml; path = Info.plist; sourceTree = "<group>"; };
		48176C932872F61E00395EAE /* main.m */ = {isa = PBXFileReference; lastKnownFileType = sourcecode.c.objc; path = main.m; sourceTree = "<group>"; };
		588DA5EF1DB5B2FE3163222A /* Pods-CallLib.release.xcconfig */ = {isa = PBXFileReference; includeInIndex = 1; lastKnownFileType = text.xcconfig; name = "Pods-CallLib.release.xcconfig"; path = "Target Support Files/Pods-CallLib/Pods-CallLib.release.xcconfig"; sourceTree = "<group>"; };
		C4BBADB0309AA46A164002EE /* Pods_CallLib.framework */ = {isa = PBXFileReference; explicitFileType = wrapper.framework; includeInIndex = 0; path = Pods_CallLib.framework; sourceTree = BUILT_PRODUCTS_DIR; };
/* End PBXFileReference section */

/* Begin PBXFrameworksBuildPhase section */
		48176C7B2872F61D00395EAE /* Frameworks */ = {
			isa = PBXFrameworksBuildPhase;
			buildActionMask = 2147483647;
			files = (
				B202BE54EF1A345CD187A44C /* Pods_CallLib.framework in Frameworks */,
			);
			runOnlyForDeploymentPostprocessing = 0;
		};
/* End PBXFrameworksBuildPhase section */

/* Begin PBXGroup section */
		105CEFB2A6531FB8BC7BA1C0 /* Frameworks */ = {
			isa = PBXGroup;
			children = (
				C4BBADB0309AA46A164002EE /* Pods_CallLib.framework */,
			);
			name = Frameworks;
			sourceTree = "<group>";
		};
		48176C752872F61D00395EAE = {
			isa = PBXGroup;
			children = (
				48176C802872F61D00395EAE /* CallLib */,
				48176C7F2872F61D00395EAE /* Products */,
				4A626DE0388AF8D709E4AB0B /* Pods */,
				105CEFB2A6531FB8BC7BA1C0 /* Frameworks */,
			);
			sourceTree = "<group>";
		};
		48176C7F2872F61D00395EAE /* Products */ = {
			isa = PBXGroup;
			children = (
				48176C7E2872F61D00395EAE /* CallLib.app */,
			);
			name = Products;
			sourceTree = "<group>";
		};
		48176C802872F61D00395EAE /* CallLib */ = {
			isa = PBXGroup;
			children = (
				48176C812872F61D00395EAE /* AppDelegate.h */,
				48176C822872F61D00395EAE /* AppDelegate.m */,
				48176C842872F61D00395EAE /* SceneDelegate.h */,
				48176C852872F61D00395EAE /* SceneDelegate.m */,
				48176C872872F61D00395EAE /* ViewController.h */,
				48176C882872F61D00395EAE /* ViewController.m */,
				48176C8A2872F61D00395EAE /* Main.storyboard */,
				48176C8D2872F61E00395EAE /* Assets.xcassets */,
				48176C8F2872F61E00395EAE /* LaunchScreen.storyboard */,
				48176C922872F61E00395EAE /* Info.plist */,
				48176C932872F61E00395EAE /* main.m */,
			);
			path = CallLib;
			sourceTree = "<group>";
		};
		4A626DE0388AF8D709E4AB0B /* Pods */ = {
			isa = PBXGroup;
			children = (
				41473F2068A07C2963932242 /* Pods-CallLib.debug.xcconfig */,
				588DA5EF1DB5B2FE3163222A /* Pods-CallLib.release.xcconfig */,
			);
			path = Pods;
			sourceTree = "<group>";
		};
/* End PBXGroup section */

/* Begin PBXNativeTarget section */
		48176C7D2872F61D00395EAE /* CallLib */ = {
			isa = PBXNativeTarget;
			buildConfigurationList = 48176C972872F61E00395EAE /* Build configuration list for PBXNativeTarget "CallLib" */;
			buildPhases = (
				08BF560049B3FA2404B718F4 /* [CP] Check Pods Manifest.lock */,
				48176C7A2872F61D00395EAE /* Sources */,
				48176C7B2872F61D00395EAE /* Frameworks */,
				48176C7C2872F61D00395EAE /* Resources */,
				26FAF32DB5784CCB97957EFF /* [CP] Embed Pods Frameworks */,
				B04DCF0F7861B189832FE86C /* [CP] Copy Pods Resources */,
			);
			buildRules = (
			);
			dependencies = (
			);
			name = CallLib;
			productName = CallLib;
			productReference = 48176C7E2872F61D00395EAE /* CallLib.app */;
			productType = "com.apple.product-type.application";
		};
/* End PBXNativeTarget section */

/* Begin PBXProject section */
		48176C762872F61D00395EAE /* Project object */ = {
			isa = PBXProject;
			attributes = {
				BuildIndependentTargetsInParallel = 1;
				LastUpgradeCheck = 1340;
				TargetAttributes = {
					48176C7D2872F61D00395EAE = {
						CreatedOnToolsVersion = 13.4.1;
					};
				};
			};
			buildConfigurationList = 48176C792872F61D00395EAE /* Build configuration list for PBXProject "CallLib" */;
			compatibilityVersion = "Xcode 13.0";
			developmentRegion = en;
			hasScannedForEncodings = 0;
			knownRegions = (
				en,
				Base,
			);
			mainGroup = 48176C752872F61D00395EAE;
			productRefGroup = 48176C7F2872F61D00395EAE /* Products */;
			projectDirPath = "";
			projectRoot = "";
			targets = (
				48176C7D2872F61D00395EAE /* CallLib */,
			);
		};
/* End PBXProject section */

/* Begin PBXResourcesBuildPhase section */
		48176C7C2872F61D00395EAE /* Resources */ = {
			isa = PBXResourcesBuildPhase;
			buildActionMask = 2147483647;
			files = (
				48176C912872F61E00395EAE /* LaunchScreen.storyboard in Resources */,
				48176C8E2872F61E00395EAE /* Assets.xcassets in Resources */,
				48176C8C2872F61D00395EAE /* Main.storyboard in Resources */,
			);
			runOnlyForDeploymentPostprocessing = 0;
		};
/* End PBXResourcesBuildPhase section */

/* Begin PBXShellScriptBuildPhase section */
		08BF560049B3FA2404B718F4 /* [CP] Check Pods Manifest.lock */ = {
			isa = PBXShellScriptBuildPhase;
			buildActionMask = 2147483647;
			files = (
			);
			inputFileListPaths = (
			);
			inputPaths = (
				"${PODS_PODFILE_DIR_PATH}/Podfile.lock",
				"${PODS_ROOT}/Manifest.lock",
			);
			name = "[CP] Check Pods Manifest.lock";
			outputFileListPaths = (
			);
			outputPaths = (
				"$(DERIVED_FILE_DIR)/Pods-CallLib-checkManifestLockResult.txt",
			);
			runOnlyForDeploymentPostprocessing = 0;
			shellPath = /bin/sh;
			shellScript = "diff \"${PODS_PODFILE_DIR_PATH}/Podfile.lock\" \"${PODS_ROOT}/Manifest.lock\" > /dev/null\nif [ $? != 0 ] ; then\n    # print error to STDERR\n    echo \"error: The sandbox is not in sync with the Podfile.lock. Run 'pod install' or update your CocoaPods installation.\" >&2\n    exit 1\nfi\n# This output is used by Xcode 'outputs' to avoid re-running this script phase.\necho \"SUCCESS\" > \"${SCRIPT_OUTPUT_FILE_0}\"\n";
			showEnvVarsInLog = 0;
		};
		26FAF32DB5784CCB97957EFF /* [CP] Embed Pods Frameworks */ = {
			isa = PBXShellScriptBuildPhase;
			buildActionMask = 2147483647;
			files = (
			);
			inputFileListPaths = (
				"${PODS_ROOT}/Target Support Files/Pods-CallLib/Pods-CallLib-frameworks-${CONFIGURATION}-input-files.xcfilelist",
			);
			name = "[CP] Embed Pods Frameworks";
			outputFileListPaths = (
				"${PODS_ROOT}/Target Support Files/Pods-CallLib/Pods-CallLib-frameworks-${CONFIGURATION}-output-files.xcfilelist",
			);
			runOnlyForDeploymentPostprocessing = 0;
			shellPath = /bin/sh;
			shellScript = "\"${PODS_ROOT}/Target Support Files/Pods-CallLib/Pods-CallLib-frameworks.sh\"\n";
			showEnvVarsInLog = 0;
		};
		B04DCF0F7861B189832FE86C /* [CP] Copy Pods Resources */ = {
			isa = PBXShellScriptBuildPhase;
			buildActionMask = 2147483647;
			files = (
			);
			inputFileListPaths = (
				"${PODS_ROOT}/Target Support Files/Pods-CallLib/Pods-CallLib-resources-${CONFIGURATION}-input-files.xcfilelist",
			);
			name = "[CP] Copy Pods Resources";
			outputFileListPaths = (
				"${PODS_ROOT}/Target Support Files/Pods-CallLib/Pods-CallLib-resources-${CONFIGURATION}-output-files.xcfilelist",
			);
			runOnlyForDeploymentPostprocessing = 0;
			shellPath = /bin/sh;
			shellScript = "\"${PODS_ROOT}/Target Support Files/Pods-CallLib/Pods-CallLib-resources.sh\"\n";
			showEnvVarsInLog = 0;
		};
/* End PBXShellScriptBuildPhase section */

/* Begin PBXSourcesBuildPhase section */
		48176C7A2872F61D00395EAE /* Sources */ = {
			isa = PBXSourcesBuildPhase;
			buildActionMask = 2147483647;
			files = (
				48176C892872F61D00395EAE /* ViewController.m in Sources */,
				48176C832872F61D00395EAE /* AppDelegate.m in Sources */,
				48176C942872F61E00395EAE /* main.m in Sources */,
				48176C862872F61D00395EAE /* SceneDelegate.m in Sources */,
			);
			runOnlyForDeploymentPostprocessing = 0;
		};
/* End PBXSourcesBuildPhase section */

/* Begin PBXVariantGroup section */
		48176C8A2872F61D00395EAE /* Main.storyboard */ = {
			isa = PBXVariantGroup;
			children = (
				48176C8B2872F61D00395EAE /* Base */,
			);
			name = Main.storyboard;
			sourceTree = "<group>";
		};
		48176C8F2872F61E00395EAE /* LaunchScreen.storyboard */ = {
			isa = PBXVariantGroup;
			children = (
				48176C902872F61E00395EAE /* Base */,
			);
			name = LaunchScreen.storyboard;
			sourceTree = "<group>";
		};
/* End PBXVariantGroup section */

/* Begin XCBuildConfiguration section */
		48176C952872F61E00395EAE /* Debug */ = {
			isa = XCBuildConfiguration;
			buildSettings = {
				ALWAYS_SEARCH_USER_PATHS = NO;
				CLANG_ANALYZER_NONNULL = YES;
				CLANG_ANALYZER_NUMBER_OBJECT_CONVERSION = YES_AGGRESSIVE;
				CLANG_CXX_LANGUAGE_STANDARD = "gnu++17";
				CLANG_ENABLE_MODULES = YES;
				CLANG_ENABLE_OBJC_ARC = YES;
				CLANG_ENABLE_OBJC_WEAK = YES;
				CLANG_WARN_BLOCK_CAPTURE_AUTORELEASING = YES;
				CLANG_WARN_BOOL_CONVERSION = YES;
				CLANG_WARN_COMMA = YES;
				CLANG_WARN_CONSTANT_CONVERSION = YES;
				CLANG_WARN_DEPRECATED_OBJC_IMPLEMENTATIONS = YES;
				CLANG_WARN_DIRECT_OBJC_ISA_USAGE = YES_ERROR;
				CLANG_WARN_DOCUMENTATION_COMMENTS = YES;
				CLANG_WARN_EMPTY_BODY = YES;
				CLANG_WARN_ENUM_CONVERSION = YES;
				CLANG_WARN_INFINITE_RECURSION = YES;
				CLANG_WARN_INT_CONVERSION = YES;
				CLANG_WARN_NON_LITERAL_NULL_CONVERSION = YES;
				CLANG_WARN_OBJC_IMPLICIT_RETAIN_SELF = YES;
				CLANG_WARN_OBJC_LITERAL_CONVERSION = YES;
				CLANG_WARN_OBJC_ROOT_CLASS = YES_ERROR;
				CLANG_WARN_QUOTED_INCLUDE_IN_FRAMEWORK_HEADER = YES;
				CLANG_WARN_RANGE_LOOP_ANALYSIS = YES;
				CLANG_WARN_STRICT_PROTOTYPES = YES;
				CLANG_WARN_SUSPICIOUS_MOVE = YES;
				CLANG_WARN_UNGUARDED_AVAILABILITY = YES_AGGRESSIVE;
				CLANG_WARN_UNREACHABLE_CODE = YES;
				CLANG_WARN__DUPLICATE_METHOD_MATCH = YES;
				COPY_PHASE_STRIP = NO;
				DEBUG_INFORMATION_FORMAT = dwarf;
				ENABLE_STRICT_OBJC_MSGSEND = YES;
				ENABLE_TESTABILITY = YES;
				GCC_C_LANGUAGE_STANDARD = gnu11;
				GCC_DYNAMIC_NO_PIC = NO;
				GCC_NO_COMMON_BLOCKS = YES;
				GCC_OPTIMIZATION_LEVEL = 0;
				GCC_PREPROCESSOR_DEFINITIONS = (
					"DEBUG=1",
					"$(inherited)",
				);
				GCC_WARN_64_TO_32_BIT_CONVERSION = YES;
				GCC_WARN_ABOUT_RETURN_TYPE = YES_ERROR;
				GCC_WARN_UNDECLARED_SELECTOR = YES;
				GCC_WARN_UNINITIALIZED_AUTOS = YES_AGGRESSIVE;
				GCC_WARN_UNUSED_FUNCTION = YES;
				GCC_WARN_UNUSED_VARIABLE = YES;
				IPHONEOS_DEPLOYMENT_TARGET = 15.5;
				MTL_ENABLE_DEBUG_INFO = INCLUDE_SOURCE;
				MTL_FAST_MATH = YES;
				ONLY_ACTIVE_ARCH = YES;
				SDKROOT = iphoneos;
			};
			name = Debug;
		};
		48176C962872F61E00395EAE /* Release */ = {
			isa = XCBuildConfiguration;
			buildSettings = {
				ALWAYS_SEARCH_USER_PATHS = NO;
				CLANG_ANALYZER_NONNULL = YES;
				CLANG_ANALYZER_NUMBER_OBJECT_CONVERSION = YES_AGGRESSIVE;
				CLANG_CXX_LANGUAGE_STANDARD = "gnu++17";
				CLANG_ENABLE_MODULES = YES;
				CLANG_ENABLE_OBJC_ARC = YES;
				CLANG_ENABLE_OBJC_WEAK = YES;
				CLANG_WARN_BLOCK_CAPTURE_AUTORELEASING = YES;
				CLANG_WARN_BOOL_CONVERSION = YES;
				CLANG_WARN_COMMA = YES;
				CLANG_WARN_CONSTANT_CONVERSION = YES;
				CLANG_WARN_DEPRECATED_OBJC_IMPLEMENTATIONS = YES;
				CLANG_WARN_DIRECT_OBJC_ISA_USAGE = YES_ERROR;
				CLANG_WARN_DOCUMENTATION_COMMENTS = YES;
				CLANG_WARN_EMPTY_BODY = YES;
				CLANG_WARN_ENUM_CONVERSION = YES;
				CLANG_WARN_INFINITE_RECURSION = YES;
				CLANG_WARN_INT_CONVERSION = YES;
				CLANG_WARN_NON_LITERAL_NULL_CONVERSION = YES;
				CLANG_WARN_OBJC_IMPLICIT_RETAIN_SELF = YES;
				CLANG_WARN_OBJC_LITERAL_CONVERSION = YES;
				CLANG_WARN_OBJC_ROOT_CLASS = YES_ERROR;
				CLANG_WARN_QUOTED_INCLUDE_IN_FRAMEWORK_HEADER = YES;
				CLANG_WARN_RANGE_LOOP_ANALYSIS = YES;
				CLANG_WARN_STRICT_PROTOTYPES = YES;
				CLANG_WARN_SUSPICIOUS_MOVE = YES;
				CLANG_WARN_UNGUARDED_AVAILABILITY = YES_AGGRESSIVE;
				CLANG_WARN_UNREACHABLE_CODE = YES;
				CLANG_WARN__DUPLICATE_METHOD_MATCH = YES;
				COPY_PHASE_STRIP = NO;
				DEBUG_INFORMATION_FORMAT = "dwarf-with-dsym";
				ENABLE_NS_ASSERTIONS = NO;
				ENABLE_STRICT_OBJC_MSGSEND = YES;
				GCC_C_LANGUAGE_STANDARD = gnu11;
				GCC_NO_COMMON_BLOCKS = YES;
				GCC_WARN_64_TO_32_BIT_CONVERSION = YES;
				GCC_WARN_ABOUT_RETURN_TYPE = YES_ERROR;
				GCC_WARN_UNDECLARED_SELECTOR = YES;
				GCC_WARN_UNINITIALIZED_AUTOS = YES_AGGRESSIVE;
				GCC_WARN_UNUSED_FUNCTION = YES;
				GCC_WARN_UNUSED_VARIABLE = YES;
				IPHONEOS_DEPLOYMENT_TARGET = 15.5;
				MTL_ENABLE_DEBUG_INFO = NO;
				MTL_FAST_MATH = YES;
				SDKROOT = iphoneos;
				VALIDATE_PRODUCT = YES;
			};
			name = Release;
		};
		48176C982872F61E00395EAE /* Debug */ = {
			isa = XCBuildConfiguration;
			baseConfigurationReference = 41473F2068A07C2963932242 /* Pods-CallLib.debug.xcconfig */;
			buildSettings = {
				ASSETCATALOG_COMPILER_APPICON_NAME = AppIcon;
				ASSETCATALOG_COMPILER_GLOBAL_ACCENT_COLOR_NAME = AccentColor;
				CODE_SIGN_STYLE = Automatic;
				CURRENT_PROJECT_VERSION = 1;
				DEVELOPMENT_TEAM = 9CVMN4UZK4;
				GENERATE_INFOPLIST_FILE = YES;
				INFOPLIST_FILE = CallLib/Info.plist;
				INFOPLIST_KEY_UIApplicationSupportsIndirectInputEvents = YES;
				INFOPLIST_KEY_UILaunchStoryboardName = LaunchScreen;
				INFOPLIST_KEY_UIMainStoryboardFile = Main;
				INFOPLIST_KEY_UISupportedInterfaceOrientations_iPad = "UIInterfaceOrientationPortrait UIInterfaceOrientationPortraitUpsideDown UIInterfaceOrientationLandscapeLeft UIInterfaceOrientationLandscapeRight";
				INFOPLIST_KEY_UISupportedInterfaceOrientations_iPhone = "UIInterfaceOrientationPortrait UIInterfaceOrientationLandscapeLeft UIInterfaceOrientationLandscapeRight";
				IPHONEOS_DEPLOYMENT_TARGET = 9.0;
				LD_RUNPATH_SEARCH_PATHS = (
					"$(inherited)",
					"@executable_path/Frameworks",
				);
				MARKETING_VERSION = 1.0;
				PRODUCT_BUNDLE_IDENTIFIER = com.rongcloud.CallLib;
				PRODUCT_NAME = "$(TARGET_NAME)";
				SWIFT_EMIT_LOC_STRINGS = YES;
				TARGETED_DEVICE_FAMILY = "1,2";
			};
			name = Debug;
		};
		48176C992872F61E00395EAE /* Release */ = {
			isa = XCBuildConfiguration;
			baseConfigurationReference = 588DA5EF1DB5B2FE3163222A /* Pods-CallLib.release.xcconfig */;
			buildSettings = {
				ASSETCATALOG_COMPILER_APPICON_NAME = AppIcon;
				ASSETCATALOG_COMPILER_GLOBAL_ACCENT_COLOR_NAME = AccentColor;
				CODE_SIGN_STYLE = Automatic;
				CURRENT_PROJECT_VERSION = 1;
				DEVELOPMENT_TEAM = 9CVMN4UZK4;
				GENERATE_INFOPLIST_FILE = YES;
				INFOPLIST_FILE = CallLib/Info.plist;
				INFOPLIST_KEY_UIApplicationSupportsIndirectInputEvents = YES;
				INFOPLIST_KEY_UILaunchStoryboardName = LaunchScreen;
				INFOPLIST_KEY_UIMainStoryboardFile = Main;
				INFOPLIST_KEY_UISupportedInterfaceOrientations_iPad = "UIInterfaceOrientationPortrait UIInterfaceOrientationPortraitUpsideDown UIInterfaceOrientationLandscapeLeft UIInterfaceOrientationLandscapeRight";
				INFOPLIST_KEY_UISupportedInterfaceOrientations_iPhone = "UIInterfaceOrientationPortrait UIInterfaceOrientationLandscapeLeft UIInterfaceOrientationLandscapeRight";
				IPHONEOS_DEPLOYMENT_TARGET = 9.0;
				LD_RUNPATH_SEARCH_PATHS = (
					"$(inherited)",
					"@executable_path/Frameworks",
				);
				MARKETING_VERSION = 1.0;
				PRODUCT_BUNDLE_IDENTIFIER = com.rongcloud.CallLib;
				PRODUCT_NAME = "$(TARGET_NAME)";
				SWIFT_EMIT_LOC_STRINGS = YES;
				TARGETED_DEVICE_FAMILY = "1,2";
			};
			name = Release;
		};
/* End XCBuildConfiguration section */

/* Begin XCConfigurationList section */
		48176C792872F61D00395EAE /* Build configuration list for PBXProject "CallLib" */ = {
			isa = XCConfigurationList;
			buildConfigurations = (
				48176C952872F61E00395EAE /* Debug */,
				48176C962872F61E00395EAE /* Release */,
			);
			defaultConfigurationIsVisible = 0;
			defaultConfigurationName = Release;
		};
		48176C972872F61E00395EAE /* Build configuration list for PBXNativeTarget "CallLib" */ = {
			isa = XCConfigurationList;
			buildConfigurations = (
				48176C982872F61E00395EAE /* Debug */,
				48176C992872F61E00395EAE /* Release */,
			);
			defaultConfigurationIsVisible = 0;
			defaultConfigurationName = Release;
		};
/* End XCConfigurationList section */
	};
	rootObject = 48176C762872F61D00395EAE /* Project object */;
}
